PODS:
  - ActionKit (2.5.1)
  - Alamofire (4.8.2)
  - CryptoSwift (1.0.0)
  - GoneVisible (1.2.0)
  - HcdDateTimePicker (1.1.1)
  - MBCircularProgressBar (0.3.5)
  - MBRadioCheckboxButton (1.4)
  - MKProgress (1.0.9)
  - SwiftyXMLParser (5.0.0)

DEPENDENCIES:
  - ActionKit (~> 2.5.1)
  - Alamofire (~> 4.7)
  - CryptoSwift
  - GoneVisible
  - HcdDateTimePicker
  - MBCircularProgressBar
  - MBRadioCheckboxButton
  - MKProgress (from `https://github.com/kamirana4/MKProgress.git`)
  - SwiftyXMLParser (from `https://github.com/yahoojapan/SwiftyXMLParser.git`)

SPEC REPOS:
  https://github.com/cocoapods/specs.git:
    - ActionKit
    - Alamofire
    - CryptoSwift
    - GoneVisible
    - HcdDateTimePicker
    - MBCircularProgressBar
    - MBRadioCheckboxButton

EXTERNAL SOURCES:
  MKProgress:
    :git: https://github.com/kamirana4/MKProgress.git
  SwiftyXMLParser:
    :git: https://github.com/yahoojapan/SwiftyXMLParser.git

CHECKOUT OPTIONS:
  MKProgress:
    :commit: a3b0925d4113c761277da23a6c438235f2ae1284
    :git: https://github.com/kamirana4/MKProgress.git
  SwiftyXMLParser:
    :commit: cbf9951f7d3c8de3d1368f4883556354f11c21f7
    :git: https://github.com/yahoojapan/SwiftyXMLParser.git

SPEC CHECKSUMS:
  ActionKit: 6f4f5fbab3a76aa05e8df8d66145db4fe9e9b8df
  Alamofire: ae5c501addb7afdbb13687d7f2f722c78734c2d3
  CryptoSwift: d81eeaa59dc5a8d03720fe919a6fd07b51f7439f
  GoneVisible: c552940cd9df7548427f6bffd000dcbcc6de187f
  HcdDateTimePicker: 187736981f667f699d4d8d6ccc21621b55a6edb8
  MBCircularProgressBar: 0b795b722a5eb5b0923822f90474e2576a1a7855
  MBRadioCheckboxButton: 72e7e2b5b2accd061fa449761acee62a429745f7
  MKProgress: 4fa8dd701b872c82b780c885d577f99c8848d584
  SwiftyXMLParser: 5ebb8793192f403fa8cc691045143906122a7a75

PODFILE CHECKSUM: 338af3b5425b373a6ac95092ea82ddd9275abafe

COCOAPODS: 1.6.1
